Microsoft Visual Studio Solution File, Format Version 11.00
# Visual Studio 2008

Project("{BBBB4FA4-3CC5-C2AE-0B5C-D7B12A8037ED}") = "Mini platformer", "Assembly-CSharp-firstpass.csproj", "{C7524000-7C01-A167-8A07-F6AD53DA3685}"
EndProject
Project("{BBBB4FA4-3CC5-C2AE-0B5C-D7B12A8037ED}") = "Mini platformer", "Assembly-CSharp.csproj", "{EED3F617-8B7A-F140-EBCB-9B008BAB24AE}"
EndProject
Project("{BBBB4FA4-3CC5-C2AE-0B5C-D7B12A8037ED}") = "Mini platformer", "Assembly-UnityScript-firstpass.unityproj", "{36F9B281-30CA-FFBA-B472-B007BF678222}"
EndProject
Global
	GlobalSection(SolutionConfigurationPlatforms) = preSolution
		Debug|Any CPU = Debug|Any CPU
		Release|Any CPU = Release|Any CPU
	EndGlobalSection
	GlobalSection(ProjectConfigurationPlatforms) = postSolution
		{C7524000-7C01-A167-8A07-F6AD53DA3685}.Debug|Any CPU.ActiveCfg = Debug|Any CPU
		{C7524000-7C01-A167-8A07-F6AD53DA3685}.Debug|Any CPU.Build.0 = Debug|Any CPU
		{C7524000-7C01-A167-8A07-F6AD53DA3685}.Release|Any CPU.ActiveCfg = Release|Any CPU
		{C7524000-7C01-A167-8A07-F6AD53DA3685}.Release|Any CPU.Build.0 = Release|Any CPU
		{EED3F617-8B7A-F140-EBCB-9B008BAB24AE}.Debug|Any CPU.ActiveCfg = Debug|Any CPU
		{EED3F617-8B7A-F140-EBCB-9B008BAB24AE}.Debug|Any CPU.Build.0 = Debug|Any CPU
		{EED3F617-8B7A-F140-EBCB-9B008BAB24AE}.Release|Any CPU.ActiveCfg = Release|Any CPU
		{EED3F617-8B7A-F140-EBCB-9B008BAB24AE}.Release|Any CPU.Build.0 = Release|Any CPU
		{36F9B281-30CA-FFBA-B472-B007BF678222}.Debug|Any CPU.ActiveCfg = Debug|Any CPU
		{36F9B281-30CA-FFBA-B472-B007BF678222}.Debug|Any CPU.Build.0 = Debug|Any CPU
		{36F9B281-30CA-FFBA-B472-B007BF678222}.Release|Any CPU.ActiveCfg = Release|Any CPU
		{36F9B281-30CA-FFBA-B472-B007BF678222}.Release|Any CPU.Build.0 = Release|Any CPU
	EndGlobalSection
	GlobalSection(SolutionProperties) = preSolution
		HideSolutionNode = FALSE
	EndGlobalSection
																																																																				GlobalSection(MonoDevelopProperties) = preSolution
		StartupItem = Assembly-CSharp.csproj
		Policies = $0
		$0.TextStylePolicy = $1
		$1.inheritsSet = null
		$1.scope = text/x-csharp
		$0.CSharpFormattingPolicy = $2
		$2.inheritsSet = Mono
		$2.inheritsScope = text/x-csharp
		$2.scope = text/x-csharp
		$0.TextStylePolicy = $3
		$3.FileWidth = 120
		$3.TabWidth = 4
		$3.EolMarker = Unix
		$3.inheritsSet = Mono
		$3.inheritsScope = text/plain
		$3.scope = text/plain
	EndGlobalSection

EndGlobal
